
Microsoft Visual Studio Solution File, Format Version 12.00
# Visual Studio Version 17
VisualStudioVersion = 17.9.34723.18
MinimumVisualStudioVersion = 10.0.40219.1
Project("{FAE04EC0-301F-11D3-BF4B-00C04F79EFBC}") = "ConsoleApp2", "ConsoleApp2.csproj", "{60D3DF70-9EEF-49FB-A4FF-8EE8F1FDD838}"
EndProject
Global
	GlobalSection(SolutionConfigurationPlatforms) = preSolution
		Debug|Any CPU = Debug|Any CPU
		Release|Any CPU = Release|Any CPU
	EndGlobalSection
	GlobalSection(ProjectConfigurationPlatforms) = postSolution
		{60D3DF70-9EEF-49FB-A4FF-8EE8F1FDD838}.Debug|Any CPU.ActiveCfg = Debug|Any CPU
		{60D3DF70-9EEF-49FB-A4FF-8EE8F1FDD838}.Debug|Any CPU.Build.0 = Debug|Any CPU
		{60D3DF70-9EEF-49FB-A4FF-8EE8F1FDD838}.Release|Any CPU.ActiveCfg = Release|Any CPU
		{60D3DF70-9EEF-49FB-A4FF-8EE8F1FDD838}.Release|Any CPU.Build.0 = Release|Any CPU
	EndGlobalSection
	GlobalSection(SolutionProperties) = preSolution
		HideSolutionNode = FALSE
	EndGlobalSection
	GlobalSection(ExtensibilityGlobals) = postSolution
		SolutionGuid = {9A7A8DAB-6C48-49A7-AE07-B72870B826E7}
	EndGlobalSection
EndGlobal
